<?xml version="1.0" encoding="utf-8"?>
<Project ToolsVersion="4.0" xmlns="http://schemas.microsoft.com/developer/msbuild/2003">
  <ItemGroup>
    <Filter Include="Header Files">
      <UniqueIdentifier>{93995380-89BD-4b04-88EB-625FBE52EBFB}</UniqueIdentifier>
      <Extensions>h;hpp;hxx;hm;inl;inc;xsd</Extensions>
    </Filter>
    <Filter Include="Resource Files">
      <UniqueIdentifier>{67DA6AB6-F800-4c08-8B7A-83BB121AAD01}</UniqueIdentifier>
      <Extensions>rc;ico;cur;bmp;dlg;rc2;rct;bin;rgs;gif;jpg;jpeg;jpe;resx;tiff;tif;png;wav;mfcribbon-ms</Extensions>
    </Filter>
    <Filter Include="Driver Files">
      <UniqueIdentifier>{8E41214B-6785-4CFE-B992-037D68949A14}</UniqueIdentifier>
      <Extensions>inf;inv;inx;mof;mc;</Extensions>
    </Filter>
    <Filter Include="Source Files">
      <UniqueIdentifier>{4FC737F1-C7A5-4376-A066-2A32D752A2FF}</UniqueIdentifier>
      <Extensions>cpp;c;cc;cxx;def;odl;idl;hpj;bat;asm;asmx</Extensions>
    </Filter>
  </ItemGroup>
  <ItemGroup>
    <ClCompile Include="Driver.cpp">
      <Filter>Source Files</Filter>
    </ClCompile>
    <ClCompile Include="Log.cpp">
      <Filter>Source Files</Filter>
    </ClCompile>
    <ClCompile Include="Utils.cpp">
      <Filter>Source Files</Filter>
    </ClCompile>
    <ClCompile Include="Heap.cpp">
      <Filter>Source Files</Filter>
    </ClCompile>
    <ClCompile Include="HookedFunctions.cpp">
      <Filter>Source Files</Filter>
    </ClCompile>
    <ClCompile Include="Peb.cpp">
      <Filter>Source Files</Filter>
    </ClCompile>
    <ClCompile Include="Hider.cpp">
      <Filter>Source Files</Filter>
    </ClCompile>
    <ClCompile Include="HypervisorGateway.cpp">
      <Filter>Source Files</Filter>
    </ClCompile>
    <ClCompile Include="KuserSharedData.cpp">
      <Filter>Source Files</Filter>
    </ClCompile>
    <ClCompile Include="HookHelper.cpp">
      <Filter>Source Files</Filter>
    </ClCompile>
    <ClCompile Include="Dispatcher.cpp">
      <Filter>Source Files</Filter>
    </ClCompile>
    <ClCompile Include="Notifiers.cpp">
      <Filter>Source Files</Filter>
    </ClCompile>
    <ClCompile Include="Ssdt.cpp">
      <Filter>Source Files</Filter>
    </ClCompile>
  </ItemGroup>
  <ItemGroup>
    <ClInclude Include="Log.h">
      <Filter>Header Files</Filter>
    </ClInclude>
    <ClInclude Include="Ioctl.h">
      <Filter>Header Files</Filter>
    </ClInclude>
    <ClInclude Include="Utils.h">
      <Filter>Header Files</Filter>
    </ClInclude>
    <ClInclude Include="Ntstructs.h">
      <Filter>Header Files</Filter>
    </ClInclude>
    <ClInclude Include="Ntapi.h">
      <Filter>Header Files</Filter>
    </ClInclude>
    <ClInclude Include="vmintrin.h">
      <Filter>Header Files</Filter>
    </ClInclude>
    <ClInclude Include="Heap.h">
      <Filter>Header Files</Filter>
    </ClInclude>
    <ClInclude Include="HookedFunctions.h">
      <Filter>Header Files</Filter>
    </ClInclude>
    <ClInclude Include="Peb.h">
      <Filter>Header Files</Filter>
    </ClInclude>
    <ClInclude Include="Hider.h">
      <Filter>Header Files</Filter>
    </ClInclude>
    <ClInclude Include="HypervisorGateway.h">
      <Filter>Header Files</Filter>
    </ClInclude>
    <ClInclude Include="GlobalData.h">
      <Filter>Header Files</Filter>
    </ClInclude>
    <ClInclude Include="KuserSharedData.h">
      <Filter>Header Files</Filter>
    </ClInclude>
    <ClInclude Include="HookHelper.h">
      <Filter>Header Files</Filter>
    </ClInclude>
    <ClInclude Include="Dispatcher.h">
      <Filter>Header Files</Filter>
    </ClInclude>
    <ClInclude Include="Notifiers.h">
      <Filter>Header Files</Filter>
    </ClInclude>
    <ClInclude Include="Ssdt.h">
      <Filter>Header Files</Filter>
    </ClInclude>
    <ClInclude Include="Pte.h">
      <Filter>Header Files</Filter>
    </ClInclude>
    <ClInclude Include="Ntenums.h">
      <Filter>Header Files</Filter>
    </ClInclude>
  </ItemGroup>
  <ItemGroup>
    <MASM Include="vmintrin.asm">
      <Filter>Source Files</Filter>
    </MASM>
  </ItemGroup>
</Project>